{
  "name": "frontEnd-dev-tool",
  "lockfileVersion": 3,
  "requires": true,
  "packages": {
    "": {
      "dependencies": {
        "swiper": "^11.1.9",
        "typed.js": "^2.1.0"
      }
    },
    "node_modules/swiper": {
      "version": "11.1.9",
      "resolved": "https://registry.npmjs.org/swiper/-/swiper-11.1.9.tgz",
      "integrity": "sha512-rflu8zvfGa3x1v/aeSufk4zRJffhOQowyvtJlp46sUBnOqAuk1Rdv5Ldj0AWWBV595iZ+ZMk7VB35ZRtRUomtA==",
      "funding": [
        {
          "type": "patreon",
          "url": "https://www.patreon.com/swiperjs"
        },
        {
          "type": "open_collective",
          "url": "http://opencollective.com/swiper"
        }
      ],
      "engines": {
        "node": ">= 4.7.0"
      }
    },
    "node_modules/typed.js": {
      "version": "2.1.0",
      "resolved": "https://registry.npmjs.org/typed.js/-/typed.js-2.1.0.tgz",
      "integrity": "sha512-bDuXEf7YcaKN4g08NMTUM6G90XU25CK3bh6U0THC/Mod/QPKlEt9g/EjvbYB8x2Qwr2p6J6I3NrsoYaVnY6wsQ=="
    }
  }
}
